// !$*UTF8*$!
{
	archiveVersion = 1;
	classes = {
	};
	objectVersion = 46;
	objects = {

/* Begin PBXBuildFile section */
		03A536B0150C68E900D9928D /* InfoPlist.strings in Resources */ = {isa = PBXBuildFile; fileRef = 03A536AE150C68E900D9928D /* InfoPlist.strings */; };
		03CBCE4B150C621E0069A22B /* Cocoa.framework in Frameworks */ = {isa = PBXBuildFile; fileRef = 03CBCE4A150C621E0069A22B /* Cocoa.framework */; };
		03CBCE61150C62D10069A22B /* RSTrixiePlugin.framework in Frameworks */ = {isa = PBXBuildFile; fileRef = 03CBCE60150C62D10069A22B /* RSTrixiePlugin.framework */; };
		03CBCE91150C688F0069A22B /* ActionPageLoad-Prefix.pch in Headers */ = {isa = PBXBuildFile; fileRef = 03CBCE8C150C688F0069A22B /* ActionPageLoad-Prefix.pch */; };
		03CBCE92150C688F0069A22B /* ActionPageLoad.h in Headers */ = {isa = PBXBuildFile; fileRef = 03CBCE8D150C688F0069A22B /* ActionPageLoad.h */; };
		03CBCE93150C688F0069A22B /* ActionPageLoad.m in Sources */ = {isa = PBXBuildFile; fileRef = 03CBCE8E150C688F0069A22B /* ActionPageLoad.m */; };
		03CBCE94150C688F0069A22B /* ActionPageLoad.xib in Resources */ = {isa = PBXBuildFile; fileRef = 03CBCE8F150C688F0069A22B /* ActionPageLoad.xib */; };
/* End PBXBuildFile section */

/* Begin PBXFileReference section */
		03A536AF150C68E900D9928D /* en */ = {isa = PBXFileReference; lastKnownFileType = text.plist.strings; name = en; path = ActionPageLoad/en.lproj/InfoPlist.strings; sourceTree = SOURCE_ROOT; };
		03CBCE47150C621E0069A22B /* ActionPageLoad.bundle */ = {isa = PBXFileReference; explicitFileType = wrapper.cfbundle; includeInIndex = 0; path = ActionPageLoad.bundle; sourceTree = BUILT_PRODUCTS_DIR; };
		03CBCE4A150C621E0069A22B /* Cocoa.framework */ = {isa = PBXFileReference; lastKnownFileType = wrapper.framework; name = Cocoa.framework; path = System/Library/Frameworks/Cocoa.framework; sourceTree = SDKROOT; };
		03CBCE4D150C621E0069A22B /* AppKit.framework */ = {isa = PBXFileReference; lastKnownFileType = wrapper.framework; name = AppKit.framework; path = System/Library/Frameworks/AppKit.framework; sourceTree = SDKROOT; };
		03CBCE4E150C621E0069A22B /* CoreData.framework */ = {isa = PBXFileReference; lastKnownFileType = wrapper.framework; name = CoreData.framework; path = System/Library/Frameworks/CoreData.framework; sourceTree = SDKROOT; };
		03CBCE4F150C621E0069A22B /* Foundation.framework */ = {isa = PBXFileReference; lastKnownFileType = wrapper.framework; name = Foundation.framework; path = System/Library/Frameworks/Foundation.framework; sourceTree = SDKROOT; };
		03CBCE60150C62D10069A22B /* RSTrixiePlugin.framework */ = {isa = PBXFileReference; lastKnownFileType = wrapper.framework; name = RSTrixiePlugin.framework; path = ../../../../../../Library/Frameworks/RSTrixiePlugin.framework; sourceTree = "<group>"; };
		03CBCE8B150C688F0069A22B /* ActionPageLoad-Info.plist */ = {isa = PBXFileReference; fileEncoding = 4; lastKnownFileType = text.plist.xml; name = "ActionPageLoad-Info.plist"; path = "ActionPageLoad/ActionPageLoad-Info.plist"; sourceTree = SOURCE_ROOT; };
		03CBCE8C150C688F0069A22B /* ActionPageLoad-Prefix.pch */ = {isa = PBXFileReference; fileEncoding = 4; lastKnownFileType = sourcecode.c.h; name = "ActionPageLoad-Prefix.pch"; path = "ActionPageLoad/ActionPageLoad-Prefix.pch"; sourceTree = SOURCE_ROOT; };
		03CBCE8D150C688F0069A22B /* ActionPageLoad.h */ = {isa = PBXFileReference; fileEncoding = 4; lastKnownFileType = sourcecode.c.h; name = ActionPageLoad.h; path = ActionPageLoad/ActionPageLoad.h; sourceTree = SOURCE_ROOT; };
		03CBCE8E150C688F0069A22B /* ActionPageLoad.m */ = {isa = PBXFileReference; fileEncoding = 4; lastKnownFileType = sourcecode.c.objc; name = ActionPageLoad.m; path = ActionPageLoad/ActionPageLoad.m; sourceTree = SOURCE_ROOT; };
		03CBCE8F150C688F0069A22B /* ActionPageLoad.xib */ = {isa = PBXFileReference; fileEncoding = 4; lastKnownFileType = file.xib; name = ActionPageLoad.xib; path = ActionPageLoad/ActionPageLoad.xib; sourceTree = SOURCE_ROOT; };
/* End PBXFileReference section */

/* Begin PBXFrameworksBuildPhase section */
		03CBCE44150C621E0069A22B /* Frameworks */ = {
			isa = PBXFrameworksBuildPhase;
			buildActionMask = 2147483647;
			files = (
				03CBCE61150C62D10069A22B /* RSTrixiePlugin.framework in Frameworks */,
				03CBCE4B150C621E0069A22B /* Cocoa.framework in Frameworks */,
			);
			runOnlyForDeploymentPostprocessing = 0;
		};
/* End PBXFrameworksBuildPhase section */

/* Begin PBXGroup section */
		03CBCE3C150C621E0069A22B = {
			isa = PBXGroup;
			children = (
				03CBCE50150C621E0069A22B /* ActionPageLoad */,
				03CBCE49150C621E0069A22B /* Frameworks */,
				03CBCE48150C621E0069A22B /* Products */,
			);
			sourceTree = "<group>";
		};
		03CBCE48150C621E0069A22B /* Products */ = {
			isa = PBXGroup;
			children = (
				03CBCE47150C621E0069A22B /* ActionPageLoad.bundle */,
			);
			name = Products;
			sourceTree = "<group>";
		};
		03CBCE49150C621E0069A22B /* Frameworks */ = {
			isa = PBXGroup;
			children = (
				03CBCE60150C62D10069A22B /* RSTrixiePlugin.framework */,
				03CBCE4A150C621E0069A22B /* Cocoa.framework */,
				03CBCE4C150C621E0069A22B /* Other Frameworks */,
			);
			name = Frameworks;
			sourceTree = "<group>";
		};
		03CBCE4C150C621E0069A22B /* Other Frameworks */ = {
			isa = PBXGroup;
			children = (
				03CBCE4D150C621E0069A22B /* AppKit.framework */,
				03CBCE4E150C621E0069A22B /* CoreData.framework */,
				03CBCE4F150C621E0069A22B /* Foundation.framework */,
			);
			name = "Other Frameworks";
			sourceTree = "<group>";
		};
		03CBCE50150C621E0069A22B /* ActionPageLoad */ = {
			isa = PBXGroup;
			children = (
				03CBCE51150C621E0069A22B /* Supporting Files */,
				03CBCE8D150C688F0069A22B /* ActionPageLoad.h */,
				03CBCE8E150C688F0069A22B /* ActionPageLoad.m */,
				03CBCE8F150C688F0069A22B /* ActionPageLoad.xib */,
			);
			name = ActionPageLoad;
			path = ActionLoad;
			sourceTree = "<group>";
		};
		03CBCE51150C621E0069A22B /* Supporting Files */ = {
			isa = PBXGroup;
			children = (
				03A536AE150C68E900D9928D /* InfoPlist.strings */,
				03CBCE8B150C688F0069A22B /* ActionPageLoad-Info.plist */,
				03CBCE8C150C688F0069A22B /* ActionPageLoad-Prefix.pch */,
			);
			name = "Supporting Files";
			sourceTree = "<group>";
		};
/* End PBXGroup section */

/* Begin PBXHeadersBuildPhase section */
		03CBCE5E150C629C0069A22B /* Headers */ = {
			isa = PBXHeadersBuildPhase;
			buildActionMask = 2147483647;
			files = (
				03CBCE91150C688F0069A22B /* ActionPageLoad-Prefix.pch in Headers */,
				03CBCE92150C688F0069A22B /* ActionPageLoad.h in Headers */,
			);
			runOnlyForDeploymentPostprocessing = 0;
		};
/* End PBXHeadersBuildPhase section */

/* Begin PBXNativeTarget section */
		03CBCE46150C621E0069A22B /* ActionPageLoad */ = {
			isa = PBXNativeTarget;
			buildConfigurationList = 03CBCE59150C621E0069A22B /* Build configuration list for PBXNativeTarget "ActionPageLoad" */;
			buildPhases = (
				03CBCE43150C621E0069A22B /* Sources */,
				03CBCE44150C621E0069A22B /* Frameworks */,
				03CBCE45150C621E0069A22B /* Resources */,
				03CBCE5E150C629C0069A22B /* Headers */,
			);
			buildRules = (
			);
			dependencies = (
			);
			name = ActionPageLoad;
			productName = ActionLoad;
			productReference = 03CBCE47150C621E0069A22B /* ActionPageLoad.bundle */;
			productType = "com.apple.product-type.bundle";
		};
/* End PBXNativeTarget section */

/* Begin PBXProject section */
		03CBCE3E150C621E0069A22B /* Project object */ = {
			isa = PBXProject;
			attributes = {
				LastUpgradeCheck = 0430;
				ORGANIZATIONNAME = "Roaring Sky";
			};
			buildConfigurationList = 03CBCE41150C621E0069A22B /* Build configuration list for PBXProject "ActionPageLoad" */;
			compatibilityVersion = "Xcode 3.2";
			developmentRegion = English;
			hasScannedForEncodings = 0;
			knownRegions = (
				en,
			);
			mainGroup = 03CBCE3C150C621E0069A22B;
			productRefGroup = 03CBCE48150C621E0069A22B /* Products */;
			projectDirPath = "";
			projectRoot = "";
			targets = (
				03CBCE46150C621E0069A22B /* ActionPageLoad */,
			);
		};
/* End PBXProject section */

/* Begin PBXResourcesBuildPhase section */
		03CBCE45150C621E0069A22B /* Resources */ = {
			isa = PBXResourcesBuildPhase;
			buildActionMask = 2147483647;
			files = (
				03CBCE94150C688F0069A22B /* ActionPageLoad.xib in Resources */,
				03A536B0150C68E900D9928D /* InfoPlist.strings in Resources */,
			);
			runOnlyForDeploymentPostprocessing = 0;
		};
/* End PBXResourcesBuildPhase section */

/* Begin PBXSourcesBuildPhase section */
		03CBCE43150C621E0069A22B /* Sources */ = {
			isa = PBXSourcesBuildPhase;
			buildActionMask = 2147483647;
			files = (
				03CBCE93150C688F0069A22B /* ActionPageLoad.m in Sources */,
			);
			runOnlyForDeploymentPostprocessing = 0;
		};
/* End PBXSourcesBuildPhase section */

/* Begin PBXVariantGroup section */
		03A536AE150C68E900D9928D /* InfoPlist.strings */ = {
			isa = PBXVariantGroup;
			children = (
				03A536AF150C68E900D9928D /* en */,
			);
			name = InfoPlist.strings;
			sourceTree = "<group>";
		};
/* End PBXVariantGroup section */

/* Begin XCBuildConfiguration section */
		03CBCE57150C621E0069A22B /* Debug */ = {
			isa = XCBuildConfiguration;
			buildSettings = {
				ALWAYS_SEARCH_USER_PATHS = NO;
				ARCHS = "$(ARCHS_STANDARD_64_BIT)";
				CLANG_ENABLE_OBJC_ARC = YES;
				COPY_PHASE_STRIP = NO;
				GCC_C_LANGUAGE_STANDARD = gnu99;
				GCC_DYNAMIC_NO_PIC = NO;
				GCC_ENABLE_OBJC_EXCEPTIONS = YES;
				GCC_OPTIMIZATION_LEVEL = 0;
				GCC_PREPROCESSOR_DEFINITIONS = (
					"DEBUG=1",
					"$(inherited)",
				);
				GCC_SYMBOLS_PRIVATE_EXTERN = NO;
				GCC_VERSION = com.apple.compilers.llvm.clang.1_0;
				GCC_WARN_64_TO_32_BIT_CONVERSION = YES;
				GCC_WARN_ABOUT_RETURN_TYPE = YES;
				GCC_WARN_UNINITIALIZED_AUTOS = YES;
				GCC_WARN_UNUSED_VARIABLE = YES;
				MACOSX_DEPLOYMENT_TARGET = 10.7;
				ONLY_ACTIVE_ARCH = YES;
				SDKROOT = macosx;
			};
			name = Debug;
		};
		03CBCE58150C621E0069A22B /* Release */ = {
			isa = XCBuildConfiguration;
			buildSettings = {
				ALWAYS_SEARCH_USER_PATHS = NO;
				ARCHS = "$(ARCHS_STANDARD_64_BIT)";
				CLANG_ENABLE_OBJC_ARC = YES;
				COPY_PHASE_STRIP = YES;
				DEBUG_INFORMATION_FORMAT = "dwarf-with-dsym";
				GCC_C_LANGUAGE_STANDARD = gnu99;
				GCC_ENABLE_OBJC_EXCEPTIONS = YES;
				GCC_VERSION = com.apple.compilers.llvm.clang.1_0;
				GCC_WARN_64_TO_32_BIT_CONVERSION = YES;
				GCC_WARN_ABOUT_RETURN_TYPE = YES;
				GCC_WARN_UNINITIALIZED_AUTOS = YES;
				GCC_WARN_UNUSED_VARIABLE = YES;
				MACOSX_DEPLOYMENT_TARGET = 10.7;
				SDKROOT = macosx;
			};
			name = Release;
		};
		03CBCE5A150C621E0069A22B /* Debug */ = {
			isa = XCBuildConfiguration;
			buildSettings = {
				FRAMEWORK_SEARCH_PATHS = "~/Library/Frameworks";
				GCC_PRECOMPILE_PREFIX_HEADER = YES;
				GCC_PREFIX_HEADER = "ActionPageLoad/ActionPageLoad-Prefix.pch";
				INFOPLIST_FILE = "ActionPageLoad/ActionPageLoad-Info.plist";
				INSTALL_PATH = "@executable_path/../Plugins";
				LD_RUNPATH_SEARCH_PATHS = "@executable_path/../Frameworks";
				PRODUCT_NAME = ActionPageLoad;
				WRAPPER_EXTENSION = bundle;
			};
			name = Debug;
		};
		03CBCE5B150C621E0069A22B /* Release */ = {
			isa = XCBuildConfiguration;
			buildSettings = {
				FRAMEWORK_SEARCH_PATHS = "~/Library/Frameworks";
				GCC_PRECOMPILE_PREFIX_HEADER = YES;
				GCC_PREFIX_HEADER = "ActionPageLoad/ActionPageLoad-Prefix.pch";
				INFOPLIST_FILE = "ActionPageLoad/ActionPageLoad-Info.plist";
				INSTALL_PATH = "@executable_path/../Plugins";
				LD_RUNPATH_SEARCH_PATHS = "@executable_path/../Frameworks";
				PRODUCT_NAME = ActionPageLoad;
				WRAPPER_EXTENSION = bundle;
			};
			name = Release;
		};
/* End XCBuildConfiguration section */

/* Begin XCConfigurationList section */
		03CBCE41150C621E0069A22B /* Build configuration list for PBXProject "ActionPageLoad" */ = {
			isa = XCConfigurationList;
			buildConfigurations = (
				03CBCE57150C621E0069A22B /* Debug */,
				03CBCE58150C621E0069A22B /* Release */,
			);
			defaultConfigurationIsVisible = 0;
			defaultConfigurationName = Release;
		};
		03CBCE59150C621E0069A22B /* Build configuration list for PBXNativeTarget "ActionPageLoad" */ = {
			isa = XCConfigurationList;
			buildConfigurations = (
				03CBCE5A150C621E0069A22B /* Debug */,
				03CBCE5B150C621E0069A22B /* Release */,
			);
			defaultConfigurationIsVisible = 0;
			defaultConfigurationName = Release;
		};
/* End XCConfigurationList section */
	};
	rootObject = 03CBCE3E150C621E0069A22B /* Project object */;
}
